
Microsoft Visual Studio Solution File, Format Version 12.00
# Visual Studio Version 16
VisualStudioVersion = 16.0.29409.12
MinimumVisualStudioVersion = 10.0.40219.1
Project("{8BC9CEB8-8B4A-11D0-8D11-00A0C91BC942}") = "CompilerVersion", "Unit01\CompilerVersion\CompilerVersion.vcxproj", "{1654D0F4-3F7B-4A65-AB23-572A309EDCD5}"
EndProject
Project("{8BC9CEB8-8B4A-11D0-8D11-00A0C91BC942}") = "Cpp11Demo01", "Unit01\Cpp11Demo01\Cpp11Demo01.vcxproj", "{8D95CAF3-29AC-421B-A48E-02932031973C}"
EndProject
Project("{8BC9CEB8-8B4A-11D0-8D11-00A0C91BC942}") = "AlohaWorld", "Unit02\AlohaWorld\AlohaWorld.vcxproj", "{2DB0CCEB-059E-400F-A04F-AE3AE04B98D3}"
EndProject
Project("{2150E333-8FDC-42A3-9474-1A3956D46DE8}") = "Unit01", "Unit01", "{265E1816-3798-4489-8774-C91C10A81AE0}"
EndProject
Project("{2150E333-8FDC-42A3-9474-1A3956D46DE8}") = "Unit02", "Unit02", "{DE48D8D9-2E74-4C46-8B85-16780CBD4FB6}"
EndProject
Project("{2150E333-8FDC-42A3-9474-1A3956D46DE8}") = "Unit03", "Unit03", "{279F304F-27BE-46B3-8C29-347B28C50DFF}"
EndProject
Project("{8BC9CEB8-8B4A-11D0-8D11-00A0C91BC942}") = "01.TestReferenceVariable", "Unit03\01.TestReferenceVariable\TestReferenceVariable.vcxproj", "{1EB4C504-0962-4E4A-8054-F5B7301F7777}"
EndProject
Project("{8BC9CEB8-8B4A-11D0-8D11-00A0C91BC942}") = "02.PassByReference", "Unit03\02.PassByReference\PassByReference.vcxproj", "{C74E9750-8C0C-4126-B09C-0B5F5C4606E8}"
EndProject
Project("{8BC9CEB8-8B4A-11D0-8D11-00A0C91BC942}") = "03.TestNewDelete", "Unit03\03.TestNewDelete\TestNewDelete.vcxproj", "{09E89CAC-01BC-461B-BF03-9E044A3C6E8B}"
EndProject
Project("{8BC9CEB8-8B4A-11D0-8D11-00A0C91BC942}") = "04.TestDataType", "Unit03\04.TestDataType\TestDataType.vcxproj", "{CCCB823D-23AC-4FA5-B9BF-392D6F561F0A}"
EndProject
Project("{8BC9CEB8-8B4A-11D0-8D11-00A0C91BC942}") = "05.TestAuto", "Unit03\TestAuto\TestAuto.vcxproj", "{2A0BA501-3F31-4BD9-A023-F44A98BAB98B}"
EndProject
Project("{8BC9CEB8-8B4A-11D0-8D11-00A0C91BC942}") = "06.Const_Pointer", "Unit03\05.Const_Pointer\05.Const_Pointer.vcxproj", "{CAFC2706-C7CB-4A98-86F6-15995CC2A995}"
EndProject
Project("{8BC9CEB8-8B4A-11D0-8D11-00A0C91BC942}") = "07.TestSpecialFunction", "Unit03\07.TestSpecialFunction\07.TestSpecialFunction.vcxproj", "{08CAEA8F-5200-4AEE-BDF0-D13E757489AC}"
EndProject
Project("{8BC9CEB8-8B4A-11D0-8D11-00A0C91BC942}") = "08.RangeBasedForloop", "Unit03\RangeBasedForloop\RangeBasedForloop.vcxproj", "{F3295C12-6165-42B0-B08D-97BEAC0749C2}"
EndProject
Project("{8BC9CEB8-8B4A-11D0-8D11-00A0C91BC942}") = "09.ifWithInitializer", "Unit03\ifWithInitializer\ifWithInitializer.vcxproj", "{9EA918B4-CA23-48D3-9D32-AC6FCBA4E255}"
EndProject
Project("{2150E333-8FDC-42A3-9474-1A3956D46DE8}") = "Unit04", "Unit04", "{B5336CB2-B0A3-4BB5-8C0E-2EB9F50A74D2}"
EndProject
Project("{8BC9CEB8-8B4A-11D0-8D11-00A0C91BC942}") = "01.TestCircle", "Unit04\01.TestCircle\01.TestCircle.vcxproj", "{0D937C7B-93A1-4354-8FFB-4156EC1478D6}"
EndProject
Project("{8BC9CEB8-8B4A-11D0-8D11-00A0C91BC942}") = "02.TestObjectCopy", "Unit04\02.TestObjectCopy\02.TestObjectCopy.vcxproj", "{A915A2B2-8284-4383-AFAB-976793108BA0}"
EndProject
Project("{8BC9CEB8-8B4A-11D0-8D11-00A0C91BC942}") = "03.AnonymousObject", "Unit04\03.AnonymousObject\03.AnonymousObject.vcxproj", "{62F31C4B-5629-4589-8157-9CF14E915F32}"
EndProject
Project("{8BC9CEB8-8B4A-11D0-8D11-00A0C91BC942}") = "04.DeclarationImplementation", "Unit04\DeclarationImplementation\DeclarationImplementation.vcxproj", "{402B72B0-289A-4B23-9A6D-07C6DE90ADB4}"
EndProject
Project("{8BC9CEB8-8B4A-11D0-8D11-00A0C91BC942}") = "05.TestObjectPointer", "Unit04\05.TestObjectPointer\05.TestObjectPointer.vcxproj", "{F7710BAD-D12C-42AE-B00E-6F7AAED02867}"
EndProject
Project("{8BC9CEB8-8B4A-11D0-8D11-00A0C91BC942}") = "06.ArrayofObject", "Unit04\06.ArrayofObject\06.ArrayofObject.vcxproj", "{FF3C51DF-2ED2-4F73-819A-F3877C291ABF}"
EndProject
Project("{8BC9CEB8-8B4A-11D0-8D11-00A0C91BC942}") = "07.ObjectAsArgument", "Unit04\07.ObjectAsArgument\ObjectAsArgument.vcxproj", "{2579FBEF-655A-41AD-9BA4-41244E1F7B20}"
EndProject
Project("{8BC9CEB8-8B4A-11D0-8D11-00A0C91BC942}") = "08.ObjectAsReturnValue", "Unit04\08.ObjectAsReturnValue\08.ObjectAsReturnValue.vcxproj", "{155AE237-DC1A-4BF3-93CA-E6B2B88981A5}"
EndProject
Project("{8BC9CEB8-8B4A-11D0-8D11-00A0C91BC942}") = "09.InClassInitializer", "Unit04\09.InClassInitializer\09.InClassInitializer.vcxproj", "{B7D18B21-3991-4B39-B7CF-410D0C876848}"
EndProject
Project("{8BC9CEB8-8B4A-11D0-8D11-00A0C91BC942}") = "10.DefaultConstructor", "Unit04\10.DefaultConstructor\10.DefaultConstructor.vcxproj", "{47843C2D-221E-40AD-892C-0A881CB622FC}"
EndProject
Project("{8BC9CEB8-8B4A-11D0-8D11-00A0C91BC942}") = "11.TestString", "Unit04\11.TestString\11.TestString.vcxproj", "{9FAD56D9-A4A6-47A6-865A-3A1430BF74C0}"
EndProject
Project("{8BC9CEB8-8B4A-11D0-8D11-00A0C91BC942}") = "12.TestArray", "Unit04\12.TestArray\12.TestArray.vcxproj", "{00E02FBC-8358-4735-8FD1-52C89985807E}"
EndProject
Project("{2150E333-8FDC-42A3-9474-1A3956D46DE8}") = "Unit05", "Unit05", "{361B9265-EAEC-4888-9D3B-C9DB20C62724}"
EndProject
Project("{8BC9CEB8-8B4A-11D0-8D11-00A0C91BC942}") = "01.Constexpr", "Unit05\01.Constexpr\01.Constexpr.vcxproj", "{20C6DB82-C6DE-4950-B18E-D347EA2A8D1B}"
EndProject
Project("{8BC9CEB8-8B4A-11D0-8D11-00A0C91BC942}") = "ImmutableObject", "Unit05\ImmutableObject\ImmutableObject.vcxproj", "{29872CEA-5D6E-44DD-9E67-85D3922CEB83}"
EndProject
Project("{8BC9CEB8-8B4A-11D0-8D11-00A0C91BC942}") = "StaticMembers", "Unit05\StaticMembers\StaticMembers.vcxproj", "{3782235E-F3B7-4585-BF5D-1E42FB7599E2}"
EndProject
Project("{8BC9CEB8-8B4A-11D0-8D11-00A0C91BC942}") = "Destructor", "Unit05\Destructor\Destructor.vcxproj", "{43B1DB36-6E4D-4A1B-8639-6C635C9C7B3C}"
EndProject
Project("{8BC9CEB8-8B4A-11D0-8D11-00A0C91BC942}") = "CopyCtor", "Unit05\CopyCtor\CopyCtor.vcxproj", "{3C6EAD31-7B24-46A9-A765-D6923E4935CC}"
EndProject
Project("{8BC9CEB8-8B4A-11D0-8D11-00A0C91BC942}") = "DeepCopy", "Unit05\DeepCopy\DeepCopy.vcxproj", "{5AAE53CA-70EC-49AB-88AB-97DC8BFF22CF}"
EndProject
Project("{8BC9CEB8-8B4A-11D0-8D11-00A0C91BC942}") = "TestVector", "Unit05\TestVector\TestVector.vcxproj", "{8EBC395E-DFC8-4459-9A6F-194BF7FE9E0A}"
EndProject
Project("{8BC9CEB8-8B4A-11D0-8D11-00A0C91BC942}") = "StackOfIntegers", "Unit05\StackOfIntegers\StackOfIntegers.vcxproj", "{6A4ADCB1-F93D-4EAE-8354-3BECE1731902}"
EndProject
Project("{8BC9CEB8-8B4A-11D0-8D11-00A0C91BC942}") = "StructuredBinding", "Unit05\StructuredBinding\StructuredBinding.vcxproj", "{00A29D56-6949-4FE9-AD17-FD07022327E6}"
EndProject
Project("{8BC9CEB8-8B4A-11D0-8D11-00A0C91BC942}") = "StructureBinding2", "Unit05\StructureBinding2\StructureBinding2.vcxproj", "{88327E7D-ADC5-45E6-A74F-E67D186CD6AB}"
EndProject
Project("{2150E333-8FDC-42A3-9474-1A3956D46DE8}") = "Unit06", "Unit06", "{2023905D-6B44-4C1F-86B6-DCBF7B08949C}"
EndProject
Project("{8BC9CEB8-8B4A-11D0-8D11-00A0C91BC942}") = "Inheritance", "Unit06\Inheritance\Inheritance.vcxproj", "{504AD307-9CF9-4E9F-AD45-FFD0D1FC9321}"
EndProject
Project("{8BC9CEB8-8B4A-11D0-8D11-00A0C91BC942}") = "BaseClassCtor", "Unit06\BasicClassCtor\BasicClassCtor.vcxproj", "{E3B22025-1067-4F60-A6FE-184BCED34FAA}"
EndProject
Project("{8BC9CEB8-8B4A-11D0-8D11-00A0C91BC942}") = "DefaultBaseClassCtor", "Unit06\DefaultBaseClassCtor\DefaultBaseClassCtor.vcxproj", "{A4EC75D6-36B5-4EF1-BAB7-3B71F908993F}"
EndProject
Project("{8BC9CEB8-8B4A-11D0-8D11-00A0C91BC942}") = "CtorChain", "Unit06\CtorChain\CtorChain.vcxproj", "{CCE8E33D-DE08-4A47-B4C9-8676DD766996}"
EndProject
Project("{8BC9CEB8-8B4A-11D0-8D11-00A0C91BC942}") = "RedefineFunction", "Unit06\RedefineFunction\RedefineFunction.vcxproj", "{84B22BB0-406F-43BE-9CF5-1580C2725490}"
EndProject
Project("{8BC9CEB8-8B4A-11D0-8D11-00A0C91BC942}") = "Ploymorphism", "Unit06\Ploymorphism\Ploymorphism.vcxproj", "{B8E3E965-D870-486C-A598-E24A4C4430B6}"
EndProject
Project("{8BC9CEB8-8B4A-11D0-8D11-00A0C91BC942}") = "Accessibility", "Unit06\Accessibility\Accessibility.vcxproj", "{BD64DBDB-B23F-42ED-AA57-1E2716514AE0}"
EndProject
Project("{8BC9CEB8-8B4A-11D0-8D11-00A0C91BC942}") = "AbstractClass", "Unit06\AbstractClass\AbstractClass.vcxproj", "{3496A029-0210-431E-9F1B-3128ED23B7CA}"
EndProject
Global
	GlobalSection(SolutionConfigurationPlatforms) = preSolution
		Debug|x64 = Debug|x64
		Debug|x86 = Debug|x86
		Release|x64 = Release|x64
		Release|x86 = Release|x86
	EndGlobalSection
	GlobalSection(ProjectConfigurationPlatforms) = postSolution
		{1654D0F4-3F7B-4A65-AB23-572A309EDCD5}.Debug|x64.ActiveCfg = Debug|x64
		{1654D0F4-3F7B-4A65-AB23-572A309EDCD5}.Debug|x64.Build.0 = Debug|x64
		{1654D0F4-3F7B-4A65-AB23-572A309EDCD5}.Debug|x86.ActiveCfg = Debug|Win32
		{1654D0F4-3F7B-4A65-AB23-572A309EDCD5}.Debug|x86.Build.0 = Debug|Win32
		{1654D0F4-3F7B-4A65-AB23-572A309EDCD5}.Release|x64.ActiveCfg = Release|x64
		{1654D0F4-3F7B-4A65-AB23-572A309EDCD5}.Release|x64.Build.0 = Release|x64
		{1654D0F4-3F7B-4A65-AB23-572A309EDCD5}.Release|x86.ActiveCfg = Release|Win32
		{1654D0F4-3F7B-4A65-AB23-572A309EDCD5}.Release|x86.Build.0 = Release|Win32
		{8D95CAF3-29AC-421B-A48E-02932031973C}.Debug|x64.ActiveCfg = Debug|x64
		{8D95CAF3-29AC-421B-A48E-02932031973C}.Debug|x64.Build.0 = Debug|x64
		{8D95CAF3-29AC-421B-A48E-02932031973C}.Debug|x86.ActiveCfg = Debug|Win32
		{8D95CAF3-29AC-421B-A48E-02932031973C}.Debug|x86.Build.0 = Debug|Win32
		{8D95CAF3-29AC-421B-A48E-02932031973C}.Release|x64.ActiveCfg = Release|x64
		{8D95CAF3-29AC-421B-A48E-02932031973C}.Release|x64.Build.0 = Release|x64
		{8D95CAF3-29AC-421B-A48E-02932031973C}.Release|x86.ActiveCfg = Release|Win32
		{8D95CAF3-29AC-421B-A48E-02932031973C}.Release|x86.Build.0 = Release|Win32
		{2DB0CCEB-059E-400F-A04F-AE3AE04B98D3}.Debug|x64.ActiveCfg = Debug|x64
		{2DB0CCEB-059E-400F-A04F-AE3AE04B98D3}.Debug|x64.Build.0 = Debug|x64
		{2DB0CCEB-059E-400F-A04F-AE3AE04B98D3}.Debug|x86.ActiveCfg = Debug|Win32
		{2DB0CCEB-059E-400F-A04F-AE3AE04B98D3}.Debug|x86.Build.0 = Debug|Win32
		{2DB0CCEB-059E-400F-A04F-AE3AE04B98D3}.Release|x64.ActiveCfg = Release|x64
		{2DB0CCEB-059E-400F-A04F-AE3AE04B98D3}.Release|x64.Build.0 = Release|x64
		{2DB0CCEB-059E-400F-A04F-AE3AE04B98D3}.Release|x86.ActiveCfg = Release|Win32
		{2DB0CCEB-059E-400F-A04F-AE3AE04B98D3}.Release|x86.Build.0 = Release|Win32
		{1EB4C504-0962-4E4A-8054-F5B7301F7777}.Debug|x64.ActiveCfg = Debug|x64
		{1EB4C504-0962-4E4A-8054-F5B7301F7777}.Debug|x64.Build.0 = Debug|x64
		{1EB4C504-0962-4E4A-8054-F5B7301F7777}.Debug|x86.ActiveCfg = Debug|Win32
		{1EB4C504-0962-4E4A-8054-F5B7301F7777}.Debug|x86.Build.0 = Debug|Win32
		{1EB4C504-0962-4E4A-8054-F5B7301F7777}.Release|x64.ActiveCfg = Release|x64
		{1EB4C504-0962-4E4A-8054-F5B7301F7777}.Release|x64.Build.0 = Release|x64
		{1EB4C504-0962-4E4A-8054-F5B7301F7777}.Release|x86.ActiveCfg = Release|Win32
		{1EB4C504-0962-4E4A-8054-F5B7301F7777}.Release|x86.Build.0 = Release|Win32
		{C74E9750-8C0C-4126-B09C-0B5F5C4606E8}.Debug|x64.ActiveCfg = Debug|x64
		{C74E9750-8C0C-4126-B09C-0B5F5C4606E8}.Debug|x64.Build.0 = Debug|x64
		{C74E9750-8C0C-4126-B09C-0B5F5C4606E8}.Debug|x86.ActiveCfg = Debug|Win32
		{C74E9750-8C0C-4126-B09C-0B5F5C4606E8}.Debug|x86.Build.0 = Debug|Win32
		{C74E9750-8C0C-4126-B09C-0B5F5C4606E8}.Release|x64.ActiveCfg = Release|x64
		{C74E9750-8C0C-4126-B09C-0B5F5C4606E8}.Release|x64.Build.0 = Release|x64
		{C74E9750-8C0C-4126-B09C-0B5F5C4606E8}.Release|x86.ActiveCfg = Release|Win32
		{C74E9750-8C0C-4126-B09C-0B5F5C4606E8}.Release|x86.Build.0 = Release|Win32
		{09E89CAC-01BC-461B-BF03-9E044A3C6E8B}.Debug|x64.ActiveCfg = Debug|x64
		{09E89CAC-01BC-461B-BF03-9E044A3C6E8B}.Debug|x64.Build.0 = Debug|x64
		{09E89CAC-01BC-461B-BF03-9E044A3C6E8B}.Debug|x86.ActiveCfg = Debug|Win32
		{09E89CAC-01BC-461B-BF03-9E044A3C6E8B}.Debug|x86.Build.0 = Debug|Win32
		{09E89CAC-01BC-461B-BF03-9E044A3C6E8B}.Release|x64.ActiveCfg = Release|x64
		{09E89CAC-01BC-461B-BF03-9E044A3C6E8B}.Release|x64.Build.0 = Release|x64
		{09E89CAC-01BC-461B-BF03-9E044A3C6E8B}.Release|x86.ActiveCfg = Release|Win32
		{09E89CAC-01BC-461B-BF03-9E044A3C6E8B}.Release|x86.Build.0 = Release|Win32
		{CCCB823D-23AC-4FA5-B9BF-392D6F561F0A}.Debug|x64.ActiveCfg = Debug|x64
		{CCCB823D-23AC-4FA5-B9BF-392D6F561F0A}.Debug|x64.Build.0 = Debug|x64
		{CCCB823D-23AC-4FA5-B9BF-392D6F561F0A}.Debug|x86.ActiveCfg = Debug|Win32
		{CCCB823D-23AC-4FA5-B9BF-392D6F561F0A}.Debug|x86.Build.0 = Debug|Win32
		{CCCB823D-23AC-4FA5-B9BF-392D6F561F0A}.Release|x64.ActiveCfg = Release|x64
		{CCCB823D-23AC-4FA5-B9BF-392D6F561F0A}.Release|x64.Build.0 = Release|x64
		{CCCB823D-23AC-4FA5-B9BF-392D6F561F0A}.Release|x86.ActiveCfg = Release|Win32
		{CCCB823D-23AC-4FA5-B9BF-392D6F561F0A}.Release|x86.Build.0 = Release|Win32
		{2A0BA501-3F31-4BD9-A023-F44A98BAB98B}.Debug|x64.ActiveCfg = Debug|x64
		{2A0BA501-3F31-4BD9-A023-F44A98BAB98B}.Debug|x64.Build.0 = Debug|x64
		{2A0BA501-3F31-4BD9-A023-F44A98BAB98B}.Debug|x86.ActiveCfg = Debug|Win32
		{2A0BA501-3F31-4BD9-A023-F44A98BAB98B}.Debug|x86.Build.0 = Debug|Win32
		{2A0BA501-3F31-4BD9-A023-F44A98BAB98B}.Release|x64.ActiveCfg = Release|x64
		{2A0BA501-3F31-4BD9-A023-F44A98BAB98B}.Release|x64.Build.0 = Release|x64
		{2A0BA501-3F31-4BD9-A023-F44A98BAB98B}.Release|x86.ActiveCfg = Release|Win32
		{2A0BA501-3F31-4BD9-A023-F44A98BAB98B}.Release|x86.Build.0 = Release|Win32
		{CAFC2706-C7CB-4A98-86F6-15995CC2A995}.Debug|x64.ActiveCfg = Debug|x64
		{CAFC2706-C7CB-4A98-86F6-15995CC2A995}.Debug|x64.Build.0 = Debug|x64
		{CAFC2706-C7CB-4A98-86F6-15995CC2A995}.Debug|x86.ActiveCfg = Debug|Win32
		{CAFC2706-C7CB-4A98-86F6-15995CC2A995}.Debug|x86.Build.0 = Debug|Win32
		{CAFC2706-C7CB-4A98-86F6-15995CC2A995}.Release|x64.ActiveCfg = Release|x64
		{CAFC2706-C7CB-4A98-86F6-15995CC2A995}.Release|x64.Build.0 = Release|x64
		{CAFC2706-C7CB-4A98-86F6-15995CC2A995}.Release|x86.ActiveCfg = Release|Win32
		{CAFC2706-C7CB-4A98-86F6-15995CC2A995}.Release|x86.Build.0 = Release|Win32
		{08CAEA8F-5200-4AEE-BDF0-D13E757489AC}.Debug|x64.ActiveCfg = Debug|x64
		{08CAEA8F-5200-4AEE-BDF0-D13E757489AC}.Debug|x64.Build.0 = Debug|x64
		{08CAEA8F-5200-4AEE-BDF0-D13E757489AC}.Debug|x86.ActiveCfg = Debug|Win32
		{08CAEA8F-5200-4AEE-BDF0-D13E757489AC}.Debug|x86.Build.0 = Debug|Win32
		{08CAEA8F-5200-4AEE-BDF0-D13E757489AC}.Release|x64.ActiveCfg = Release|x64
		{08CAEA8F-5200-4AEE-BDF0-D13E757489AC}.Release|x64.Build.0 = Release|x64
		{08CAEA8F-5200-4AEE-BDF0-D13E757489AC}.Release|x86.ActiveCfg = Release|Win32
		{08CAEA8F-5200-4AEE-BDF0-D13E757489AC}.Release|x86.Build.0 = Release|Win32
		{F3295C12-6165-42B0-B08D-97BEAC0749C2}.Debug|x64.ActiveCfg = Debug|x64
		{F3295C12-6165-42B0-B08D-97BEAC0749C2}.Debug|x64.Build.0 = Debug|x64
		{F3295C12-6165-42B0-B08D-97BEAC0749C2}.Debug|x86.ActiveCfg = Debug|Win32
		{F3295C12-6165-42B0-B08D-97BEAC0749C2}.Debug|x86.Build.0 = Debug|Win32
		{F3295C12-6165-42B0-B08D-97BEAC0749C2}.Release|x64.ActiveCfg = Release|x64
		{F3295C12-6165-42B0-B08D-97BEAC0749C2}.Release|x64.Build.0 = Release|x64
		{F3295C12-6165-42B0-B08D-97BEAC0749C2}.Release|x86.ActiveCfg = Release|Win32
		{F3295C12-6165-42B0-B08D-97BEAC0749C2}.Release|x86.Build.0 = Release|Win32
		{9EA918B4-CA23-48D3-9D32-AC6FCBA4E255}.Debug|x64.ActiveCfg = Debug|x64
		{9EA918B4-CA23-48D3-9D32-AC6FCBA4E255}.Debug|x64.Build.0 = Debug|x64
		{9EA918B4-CA23-48D3-9D32-AC6FCBA4E255}.Debug|x86.ActiveCfg = Debug|Win32
		{9EA918B4-CA23-48D3-9D32-AC6FCBA4E255}.Debug|x86.Build.0 = Debug|Win32
		{9EA918B4-CA23-48D3-9D32-AC6FCBA4E255}.Release|x64.ActiveCfg = Release|x64
		{9EA918B4-CA23-48D3-9D32-AC6FCBA4E255}.Release|x64.Build.0 = Release|x64
		{9EA918B4-CA23-48D3-9D32-AC6FCBA4E255}.Release|x86.ActiveCfg = Release|Win32
		{9EA918B4-CA23-48D3-9D32-AC6FCBA4E255}.Release|x86.Build.0 = Release|Win32
		{0D937C7B-93A1-4354-8FFB-4156EC1478D6}.Debug|x64.ActiveCfg = Debug|x64
		{0D937C7B-93A1-4354-8FFB-4156EC1478D6}.Debug|x64.Build.0 = Debug|x64
		{0D937C7B-93A1-4354-8FFB-4156EC1478D6}.Debug|x86.ActiveCfg = Debug|Win32
		{0D937C7B-93A1-4354-8FFB-4156EC1478D6}.Debug|x86.Build.0 = Debug|Win32
		{0D937C7B-93A1-4354-8FFB-4156EC1478D6}.Release|x64.ActiveCfg = Release|x64
		{0D937C7B-93A1-4354-8FFB-4156EC1478D6}.Release|x64.Build.0 = Release|x64
		{0D937C7B-93A1-4354-8FFB-4156EC1478D6}.Release|x86.ActiveCfg = Release|Win32
		{0D937C7B-93A1-4354-8FFB-4156EC1478D6}.Release|x86.Build.0 = Release|Win32
		{A915A2B2-8284-4383-AFAB-976793108BA0}.Debug|x64.ActiveCfg = Debug|x64
		{A915A2B2-8284-4383-AFAB-976793108BA0}.Debug|x64.Build.0 = Debug|x64
		{A915A2B2-8284-4383-AFAB-976793108BA0}.Debug|x86.ActiveCfg = Debug|Win32
		{A915A2B2-8284-4383-AFAB-976793108BA0}.Debug|x86.Build.0 = Debug|Win32
		{A915A2B2-8284-4383-AFAB-976793108BA0}.Release|x64.ActiveCfg = Release|x64
		{A915A2B2-8284-4383-AFAB-976793108BA0}.Release|x64.Build.0 = Release|x64
		{A915A2B2-8284-4383-AFAB-976793108BA0}.Release|x86.ActiveCfg = Release|Win32
		{A915A2B2-8284-4383-AFAB-976793108BA0}.Release|x86.Build.0 = Release|Win32
		{62F31C4B-5629-4589-8157-9CF14E915F32}.Debug|x64.ActiveCfg = Debug|x64
		{62F31C4B-5629-4589-8157-9CF14E915F32}.Debug|x64.Build.0 = Debug|x64
		{62F31C4B-5629-4589-8157-9CF14E915F32}.Debug|x86.ActiveCfg = Debug|Win32
		{62F31C4B-5629-4589-8157-9CF14E915F32}.Debug|x86.Build.0 = Debug|Win32
		{62F31C4B-5629-4589-8157-9CF14E915F32}.Release|x64.ActiveCfg = Release|x64
		{62F31C4B-5629-4589-8157-9CF14E915F32}.Release|x64.Build.0 = Release|x64
		{62F31C4B-5629-4589-8157-9CF14E915F32}.Release|x86.ActiveCfg = Release|Win32
		{62F31C4B-5629-4589-8157-9CF14E915F32}.Release|x86.Build.0 = Release|Win32
		{402B72B0-289A-4B23-9A6D-07C6DE90ADB4}.Debug|x64.ActiveCfg = Debug|x64
		{402B72B0-289A-4B23-9A6D-07C6DE90ADB4}.Debug|x64.Build.0 = Debug|x64
		{402B72B0-289A-4B23-9A6D-07C6DE90ADB4}.Debug|x86.ActiveCfg = Debug|Win32
		{402B72B0-289A-4B23-9A6D-07C6DE90ADB4}.Debug|x86.Build.0 = Debug|Win32
		{402B72B0-289A-4B23-9A6D-07C6DE90ADB4}.Release|x64.ActiveCfg = Release|x64
		{402B72B0-289A-4B23-9A6D-07C6DE90ADB4}.Release|x64.Build.0 = Release|x64
		{402B72B0-289A-4B23-9A6D-07C6DE90ADB4}.Release|x86.ActiveCfg = Release|Win32
		{402B72B0-289A-4B23-9A6D-07C6DE90ADB4}.Release|x86.Build.0 = Release|Win32
		{F7710BAD-D12C-42AE-B00E-6F7AAED02867}.Debug|x64.ActiveCfg = Debug|x64
		{F7710BAD-D12C-42AE-B00E-6F7AAED02867}.Debug|x64.Build.0 = Debug|x64
		{F7710BAD-D12C-42AE-B00E-6F7AAED02867}.Debug|x86.ActiveCfg = Debug|Win32
		{F7710BAD-D12C-42AE-B00E-6F7AAED02867}.Debug|x86.Build.0 = Debug|Win32
		{F7710BAD-D12C-42AE-B00E-6F7AAED02867}.Release|x64.ActiveCfg = Release|x64
		{F7710BAD-D12C-42AE-B00E-6F7AAED02867}.Release|x64.Build.0 = Release|x64
		{F7710BAD-D12C-42AE-B00E-6F7AAED02867}.Release|x86.ActiveCfg = Release|Win32
		{F7710BAD-D12C-42AE-B00E-6F7AAED02867}.Release|x86.Build.0 = Release|Win32
		{FF3C51DF-2ED2-4F73-819A-F3877C291ABF}.Debug|x64.ActiveCfg = Debug|x64
		{FF3C51DF-2ED2-4F73-819A-F3877C291ABF}.Debug|x64.Build.0 = Debug|x64
		{FF3C51DF-2ED2-4F73-819A-F3877C291ABF}.Debug|x86.ActiveCfg = Debug|Win32
		{FF3C51DF-2ED2-4F73-819A-F3877C291ABF}.Debug|x86.Build.0 = Debug|Win32
		{FF3C51DF-2ED2-4F73-819A-F3877C291ABF}.Release|x64.ActiveCfg = Release|x64
		{FF3C51DF-2ED2-4F73-819A-F3877C291ABF}.Release|x64.Build.0 = Release|x64
		{FF3C51DF-2ED2-4F73-819A-F3877C291ABF}.Release|x86.ActiveCfg = Release|Win32
		{FF3C51DF-2ED2-4F73-819A-F3877C291ABF}.Release|x86.Build.0 = Release|Win32
		{2579FBEF-655A-41AD-9BA4-41244E1F7B20}.Debug|x64.ActiveCfg = Debug|x64
		{2579FBEF-655A-41AD-9BA4-41244E1F7B20}.Debug|x64.Build.0 = Debug|x64
		{2579FBEF-655A-41AD-9BA4-41244E1F7B20}.Debug|x86.ActiveCfg = Debug|Win32
		{2579FBEF-655A-41AD-9BA4-41244E1F7B20}.Debug|x86.Build.0 = Debug|Win32
		{2579FBEF-655A-41AD-9BA4-41244E1F7B20}.Release|x64.ActiveCfg = Release|x64
		{2579FBEF-655A-41AD-9BA4-41244E1F7B20}.Release|x64.Build.0 = Release|x64
		{2579FBEF-655A-41AD-9BA4-41244E1F7B20}.Release|x86.ActiveCfg = Release|Win32
		{2579FBEF-655A-41AD-9BA4-41244E1F7B20}.Release|x86.Build.0 = Release|Win32
		{155AE237-DC1A-4BF3-93CA-E6B2B88981A5}.Debug|x64.ActiveCfg = Debug|x64
		{155AE237-DC1A-4BF3-93CA-E6B2B88981A5}.Debug|x64.Build.0 = Debug|x64
		{155AE237-DC1A-4BF3-93CA-E6B2B88981A5}.Debug|x86.ActiveCfg = Debug|Win32
		{155AE237-DC1A-4BF3-93CA-E6B2B88981A5}.Debug|x86.Build.0 = Debug|Win32
		{155AE237-DC1A-4BF3-93CA-E6B2B88981A5}.Release|x64.ActiveCfg = Release|x64
		{155AE237-DC1A-4BF3-93CA-E6B2B88981A5}.Release|x64.Build.0 = Release|x64
		{155AE237-DC1A-4BF3-93CA-E6B2B88981A5}.Release|x86.ActiveCfg = Release|Win32
		{155AE237-DC1A-4BF3-93CA-E6B2B88981A5}.Release|x86.Build.0 = Release|Win32
		{B7D18B21-3991-4B39-B7CF-410D0C876848}.Debug|x64.ActiveCfg = Debug|x64
		{B7D18B21-3991-4B39-B7CF-410D0C876848}.Debug|x64.Build.0 = Debug|x64
		{B7D18B21-3991-4B39-B7CF-410D0C876848}.Debug|x86.ActiveCfg = Debug|Win32
		{B7D18B21-3991-4B39-B7CF-410D0C876848}.Debug|x86.Build.0 = Debug|Win32
		{B7D18B21-3991-4B39-B7CF-410D0C876848}.Release|x64.ActiveCfg = Release|x64
		{B7D18B21-3991-4B39-B7CF-410D0C876848}.Release|x64.Build.0 = Release|x64
		{B7D18B21-3991-4B39-B7CF-410D0C876848}.Release|x86.ActiveCfg = Release|Win32
		{B7D18B21-3991-4B39-B7CF-410D0C876848}.Release|x86.Build.0 = Release|Win32
		{47843C2D-221E-40AD-892C-0A881CB622FC}.Debug|x64.ActiveCfg = Debug|x64
		{47843C2D-221E-40AD-892C-0A881CB622FC}.Debug|x64.Build.0 = Debug|x64
		{47843C2D-221E-40AD-892C-0A881CB622FC}.Debug|x86.ActiveCfg = Debug|Win32
		{47843C2D-221E-40AD-892C-0A881CB622FC}.Debug|x86.Build.0 = Debug|Win32
		{47843C2D-221E-40AD-892C-0A881CB622FC}.Release|x64.ActiveCfg = Release|x64
		{47843C2D-221E-40AD-892C-0A881CB622FC}.Release|x64.Build.0 = Release|x64
		{47843C2D-221E-40AD-892C-0A881CB622FC}.Release|x86.ActiveCfg = Release|Win32
		{47843C2D-221E-40AD-892C-0A881CB622FC}.Release|x86.Build.0 = Release|Win32
		{9FAD56D9-A4A6-47A6-865A-3A1430BF74C0}.Debug|x64.ActiveCfg = Debug|x64
		{9FAD56D9-A4A6-47A6-865A-3A1430BF74C0}.Debug|x64.Build.0 = Debug|x64
		{9FAD56D9-A4A6-47A6-865A-3A1430BF74C0}.Debug|x86.ActiveCfg = Debug|Win32
		{9FAD56D9-A4A6-47A6-865A-3A1430BF74C0}.Debug|x86.Build.0 = Debug|Win32
		{9FAD56D9-A4A6-47A6-865A-3A1430BF74C0}.Release|x64.ActiveCfg = Release|x64
		{9FAD56D9-A4A6-47A6-865A-3A1430BF74C0}.Release|x64.Build.0 = Release|x64
		{9FAD56D9-A4A6-47A6-865A-3A1430BF74C0}.Release|x86.ActiveCfg = Release|Win32
		{9FAD56D9-A4A6-47A6-865A-3A1430BF74C0}.Release|x86.Build.0 = Release|Win32
		{00E02FBC-8358-4735-8FD1-52C89985807E}.Debug|x64.ActiveCfg = Debug|x64
		{00E02FBC-8358-4735-8FD1-52C89985807E}.Debug|x64.Build.0 = Debug|x64
		{00E02FBC-8358-4735-8FD1-52C89985807E}.Debug|x86.ActiveCfg = Debug|Win32
		{00E02FBC-8358-4735-8FD1-52C89985807E}.Debug|x86.Build.0 = Debug|Win32
		{00E02FBC-8358-4735-8FD1-52C89985807E}.Release|x64.ActiveCfg = Release|x64
		{00E02FBC-8358-4735-8FD1-52C89985807E}.Release|x64.Build.0 = Release|x64
		{00E02FBC-8358-4735-8FD1-52C89985807E}.Release|x86.ActiveCfg = Release|Win32
		{00E02FBC-8358-4735-8FD1-52C89985807E}.Release|x86.Build.0 = Release|Win32
		{20C6DB82-C6DE-4950-B18E-D347EA2A8D1B}.Debug|x64.ActiveCfg = Debug|x64
		{20C6DB82-C6DE-4950-B18E-D347EA2A8D1B}.Debug|x64.Build.0 = Debug|x64
		{20C6DB82-C6DE-4950-B18E-D347EA2A8D1B}.Debug|x86.ActiveCfg = Debug|Win32
		{20C6DB82-C6DE-4950-B18E-D347EA2A8D1B}.Debug|x86.Build.0 = Debug|Win32
		{20C6DB82-C6DE-4950-B18E-D347EA2A8D1B}.Release|x64.ActiveCfg = Release|x64
		{20C6DB82-C6DE-4950-B18E-D347EA2A8D1B}.Release|x64.Build.0 = Release|x64
		{20C6DB82-C6DE-4950-B18E-D347EA2A8D1B}.Release|x86.ActiveCfg = Release|Win32
		{20C6DB82-C6DE-4950-B18E-D347EA2A8D1B}.Release|x86.Build.0 = Release|Win32
		{29872CEA-5D6E-44DD-9E67-85D3922CEB83}.Debug|x64.ActiveCfg = Debug|x64
		{29872CEA-5D6E-44DD-9E67-85D3922CEB83}.Debug|x64.Build.0 = Debug|x64
		{29872CEA-5D6E-44DD-9E67-85D3922CEB83}.Debug|x86.ActiveCfg = Debug|Win32
		{29872CEA-5D6E-44DD-9E67-85D3922CEB83}.Debug|x86.Build.0 = Debug|Win32
		{29872CEA-5D6E-44DD-9E67-85D3922CEB83}.Release|x64.ActiveCfg = Release|x64
		{29872CEA-5D6E-44DD-9E67-85D3922CEB83}.Release|x64.Build.0 = Release|x64
		{29872CEA-5D6E-44DD-9E67-85D3922CEB83}.Release|x86.ActiveCfg = Release|Win32
		{29872CEA-5D6E-44DD-9E67-85D3922CEB83}.Release|x86.Build.0 = Release|Win32
		{3782235E-F3B7-4585-BF5D-1E42FB7599E2}.Debug|x64.ActiveCfg = Debug|x64
		{3782235E-F3B7-4585-BF5D-1E42FB7599E2}.Debug|x64.Build.0 = Debug|x64
		{3782235E-F3B7-4585-BF5D-1E42FB7599E2}.Debug|x86.ActiveCfg = Debug|Win32
		{3782235E-F3B7-4585-BF5D-1E42FB7599E2}.Debug|x86.Build.0 = Debug|Win32
		{3782235E-F3B7-4585-BF5D-1E42FB7599E2}.Release|x64.ActiveCfg = Release|x64
		{3782235E-F3B7-4585-BF5D-1E42FB7599E2}.Release|x64.Build.0 = Release|x64
		{3782235E-F3B7-4585-BF5D-1E42FB7599E2}.Release|x86.ActiveCfg = Release|Win32
		{3782235E-F3B7-4585-BF5D-1E42FB7599E2}.Release|x86.Build.0 = Release|Win32
		{43B1DB36-6E4D-4A1B-8639-6C635C9C7B3C}.Debug|x64.ActiveCfg = Debug|x64
		{43B1DB36-6E4D-4A1B-8639-6C635C9C7B3C}.Debug|x64.Build.0 = Debug|x64
		{43B1DB36-6E4D-4A1B-8639-6C635C9C7B3C}.Debug|x86.ActiveCfg = Debug|Win32
		{43B1DB36-6E4D-4A1B-8639-6C635C9C7B3C}.Debug|x86.Build.0 = Debug|Win32
		{43B1DB36-6E4D-4A1B-8639-6C635C9C7B3C}.Release|x64.ActiveCfg = Release|x64
		{43B1DB36-6E4D-4A1B-8639-6C635C9C7B3C}.Release|x64.Build.0 = Release|x64
		{43B1DB36-6E4D-4A1B-8639-6C635C9C7B3C}.Release|x86.ActiveCfg = Release|Win32
		{43B1DB36-6E4D-4A1B-8639-6C635C9C7B3C}.Release|x86.Build.0 = Release|Win32
		{3C6EAD31-7B24-46A9-A765-D6923E4935CC}.Debug|x64.ActiveCfg = Debug|x64
		{3C6EAD31-7B24-46A9-A765-D6923E4935CC}.Debug|x64.Build.0 = Debug|x64
		{3C6EAD31-7B24-46A9-A765-D6923E4935CC}.Debug|x86.ActiveCfg = Debug|Win32
		{3C6EAD31-7B24-46A9-A765-D6923E4935CC}.Debug|x86.Build.0 = Debug|Win32
		{3C6EAD31-7B24-46A9-A765-D6923E4935CC}.Release|x64.ActiveCfg = Release|x64
		{3C6EAD31-7B24-46A9-A765-D6923E4935CC}.Release|x64.Build.0 = Release|x64
		{3C6EAD31-7B24-46A9-A765-D6923E4935CC}.Release|x86.ActiveCfg = Release|Win32
		{3C6EAD31-7B24-46A9-A765-D6923E4935CC}.Release|x86.Build.0 = Release|Win32
		{5AAE53CA-70EC-49AB-88AB-97DC8BFF22CF}.Debug|x64.ActiveCfg = Debug|x64
		{5AAE53CA-70EC-49AB-88AB-97DC8BFF22CF}.Debug|x64.Build.0 = Debug|x64
		{5AAE53CA-70EC-49AB-88AB-97DC8BFF22CF}.Debug|x86.ActiveCfg = Debug|Win32
		{5AAE53CA-70EC-49AB-88AB-97DC8BFF22CF}.Debug|x86.Build.0 = Debug|Win32
		{5AAE53CA-70EC-49AB-88AB-97DC8BFF22CF}.Release|x64.ActiveCfg = Release|x64
		{5AAE53CA-70EC-49AB-88AB-97DC8BFF22CF}.Release|x64.Build.0 = Release|x64
		{5AAE53CA-70EC-49AB-88AB-97DC8BFF22CF}.Release|x86.ActiveCfg = Release|Win32
		{5AAE53CA-70EC-49AB-88AB-97DC8BFF22CF}.Release|x86.Build.0 = Release|Win32
		{8EBC395E-DFC8-4459-9A6F-194BF7FE9E0A}.Debug|x64.ActiveCfg = Debug|x64
		{8EBC395E-DFC8-4459-9A6F-194BF7FE9E0A}.Debug|x64.Build.0 = Debug|x64
		{8EBC395E-DFC8-4459-9A6F-194BF7FE9E0A}.Debug|x86.ActiveCfg = Debug|Win32
		{8EBC395E-DFC8-4459-9A6F-194BF7FE9E0A}.Debug|x86.Build.0 = Debug|Win32
		{8EBC395E-DFC8-4459-9A6F-194BF7FE9E0A}.Release|x64.ActiveCfg = Release|x64
		{8EBC395E-DFC8-4459-9A6F-194BF7FE9E0A}.Release|x64.Build.0 = Release|x64
		{8EBC395E-DFC8-4459-9A6F-194BF7FE9E0A}.Release|x86.ActiveCfg = Release|Win32
		{8EBC395E-DFC8-4459-9A6F-194BF7FE9E0A}.Release|x86.Build.0 = Release|Win32
		{6A4ADCB1-F93D-4EAE-8354-3BECE1731902}.Debug|x64.ActiveCfg = Debug|x64
		{6A4ADCB1-F93D-4EAE-8354-3BECE1731902}.Debug|x64.Build.0 = Debug|x64
		{6A4ADCB1-F93D-4EAE-8354-3BECE1731902}.Debug|x86.ActiveCfg = Debug|Win32
		{6A4ADCB1-F93D-4EAE-8354-3BECE1731902}.Debug|x86.Build.0 = Debug|Win32
		{6A4ADCB1-F93D-4EAE-8354-3BECE1731902}.Release|x64.ActiveCfg = Release|x64
		{6A4ADCB1-F93D-4EAE-8354-3BECE1731902}.Release|x64.Build.0 = Release|x64
		{6A4ADCB1-F93D-4EAE-8354-3BECE1731902}.Release|x86.ActiveCfg = Release|Win32
		{6A4ADCB1-F93D-4EAE-8354-3BECE1731902}.Release|x86.Build.0 = Release|Win32
		{00A29D56-6949-4FE9-AD17-FD07022327E6}.Debug|x64.ActiveCfg = Debug|x64
		{00A29D56-6949-4FE9-AD17-FD07022327E6}.Debug|x64.Build.0 = Debug|x64
		{00A29D56-6949-4FE9-AD17-FD07022327E6}.Debug|x86.ActiveCfg = Debug|Win32
		{00A29D56-6949-4FE9-AD17-FD07022327E6}.Debug|x86.Build.0 = Debug|Win32
		{00A29D56-6949-4FE9-AD17-FD07022327E6}.Release|x64.ActiveCfg = Release|x64
		{00A29D56-6949-4FE9-AD17-FD07022327E6}.Release|x64.Build.0 = Release|x64
		{00A29D56-6949-4FE9-AD17-FD07022327E6}.Release|x86.ActiveCfg = Release|Win32
		{00A29D56-6949-4FE9-AD17-FD07022327E6}.Release|x86.Build.0 = Release|Win32
		{88327E7D-ADC5-45E6-A74F-E67D186CD6AB}.Debug|x64.ActiveCfg = Debug|x64
		{88327E7D-ADC5-45E6-A74F-E67D186CD6AB}.Debug|x64.Build.0 = Debug|x64
		{88327E7D-ADC5-45E6-A74F-E67D186CD6AB}.Debug|x86.ActiveCfg = Debug|Win32
		{88327E7D-ADC5-45E6-A74F-E67D186CD6AB}.Debug|x86.Build.0 = Debug|Win32
		{88327E7D-ADC5-45E6-A74F-E67D186CD6AB}.Release|x64.ActiveCfg = Release|x64
		{88327E7D-ADC5-45E6-A74F-E67D186CD6AB}.Release|x64.Build.0 = Release|x64
		{88327E7D-ADC5-45E6-A74F-E67D186CD6AB}.Release|x86.ActiveCfg = Release|Win32
		{88327E7D-ADC5-45E6-A74F-E67D186CD6AB}.Release|x86.Build.0 = Release|Win32
		{504AD307-9CF9-4E9F-AD45-FFD0D1FC9321}.Debug|x64.ActiveCfg = Debug|x64
		{504AD307-9CF9-4E9F-AD45-FFD0D1FC9321}.Debug|x64.Build.0 = Debug|x64
		{504AD307-9CF9-4E9F-AD45-FFD0D1FC9321}.Debug|x86.ActiveCfg = Debug|Win32
		{504AD307-9CF9-4E9F-AD45-FFD0D1FC9321}.Debug|x86.Build.0 = Debug|Win32
		{504AD307-9CF9-4E9F-AD45-FFD0D1FC9321}.Release|x64.ActiveCfg = Release|x64
		{504AD307-9CF9-4E9F-AD45-FFD0D1FC9321}.Release|x64.Build.0 = Release|x64
		{504AD307-9CF9-4E9F-AD45-FFD0D1FC9321}.Release|x86.ActiveCfg = Release|Win32
		{504AD307-9CF9-4E9F-AD45-FFD0D1FC9321}.Release|x86.Build.0 = Release|Win32
		{E3B22025-1067-4F60-A6FE-184BCED34FAA}.Debug|x64.ActiveCfg = Debug|x64
		{E3B22025-1067-4F60-A6FE-184BCED34FAA}.Debug|x64.Build.0 = Debug|x64
		{E3B22025-1067-4F60-A6FE-184BCED34FAA}.Debug|x86.ActiveCfg = Debug|Win32
		{E3B22025-1067-4F60-A6FE-184BCED34FAA}.Debug|x86.Build.0 = Debug|Win32
		{E3B22025-1067-4F60-A6FE-184BCED34FAA}.Release|x64.ActiveCfg = Release|x64
		{E3B22025-1067-4F60-A6FE-184BCED34FAA}.Release|x64.Build.0 = Release|x64
		{E3B22025-1067-4F60-A6FE-184BCED34FAA}.Release|x86.ActiveCfg = Release|Win32
		{E3B22025-1067-4F60-A6FE-184BCED34FAA}.Release|x86.Build.0 = Release|Win32
		{A4EC75D6-36B5-4EF1-BAB7-3B71F908993F}.Debug|x64.ActiveCfg = Debug|x64
		{A4EC75D6-36B5-4EF1-BAB7-3B71F908993F}.Debug|x64.Build.0 = Debug|x64
		{A4EC75D6-36B5-4EF1-BAB7-3B71F908993F}.Debug|x86.ActiveCfg = Debug|Win32
		{A4EC75D6-36B5-4EF1-BAB7-3B71F908993F}.Debug|x86.Build.0 = Debug|Win32
		{A4EC75D6-36B5-4EF1-BAB7-3B71F908993F}.Release|x64.ActiveCfg = Release|x64
		{A4EC75D6-36B5-4EF1-BAB7-3B71F908993F}.Release|x64.Build.0 = Release|x64
		{A4EC75D6-36B5-4EF1-BAB7-3B71F908993F}.Release|x86.ActiveCfg = Release|Win32
		{A4EC75D6-36B5-4EF1-BAB7-3B71F908993F}.Release|x86.Build.0 = Release|Win32
		{CCE8E33D-DE08-4A47-B4C9-8676DD766996}.Debug|x64.ActiveCfg = Debug|x64
		{CCE8E33D-DE08-4A47-B4C9-8676DD766996}.Debug|x64.Build.0 = Debug|x64
		{CCE8E33D-DE08-4A47-B4C9-8676DD766996}.Debug|x86.ActiveCfg = Debug|Win32
		{CCE8E33D-DE08-4A47-B4C9-8676DD766996}.Debug|x86.Build.0 = Debug|Win32
		{CCE8E33D-DE08-4A47-B4C9-8676DD766996}.Release|x64.ActiveCfg = Release|x64
		{CCE8E33D-DE08-4A47-B4C9-8676DD766996}.Release|x64.Build.0 = Release|x64
		{CCE8E33D-DE08-4A47-B4C9-8676DD766996}.Release|x86.ActiveCfg = Release|Win32
		{CCE8E33D-DE08-4A47-B4C9-8676DD766996}.Release|x86.Build.0 = Release|Win32
		{84B22BB0-406F-43BE-9CF5-1580C2725490}.Debug|x64.ActiveCfg = Debug|x64
		{84B22BB0-406F-43BE-9CF5-1580C2725490}.Debug|x64.Build.0 = Debug|x64
		{84B22BB0-406F-43BE-9CF5-1580C2725490}.Debug|x86.ActiveCfg = Debug|Win32
		{84B22BB0-406F-43BE-9CF5-1580C2725490}.Debug|x86.Build.0 = Debug|Win32
		{84B22BB0-406F-43BE-9CF5-1580C2725490}.Release|x64.ActiveCfg = Release|x64
		{84B22BB0-406F-43BE-9CF5-1580C2725490}.Release|x64.Build.0 = Release|x64
		{84B22BB0-406F-43BE-9CF5-1580C2725490}.Release|x86.ActiveCfg = Release|Win32
		{84B22BB0-406F-43BE-9CF5-1580C2725490}.Release|x86.Build.0 = Release|Win32
		{B8E3E965-D870-486C-A598-E24A4C4430B6}.Debug|x64.ActiveCfg = Debug|x64
		{B8E3E965-D870-486C-A598-E24A4C4430B6}.Debug|x64.Build.0 = Debug|x64
		{B8E3E965-D870-486C-A598-E24A4C4430B6}.Debug|x86.ActiveCfg = Debug|Win32
		{B8E3E965-D870-486C-A598-E24A4C4430B6}.Debug|x86.Build.0 = Debug|Win32
		{B8E3E965-D870-486C-A598-E24A4C4430B6}.Release|x64.ActiveCfg = Release|x64
		{B8E3E965-D870-486C-A598-E24A4C4430B6}.Release|x64.Build.0 = Release|x64
		{B8E3E965-D870-486C-A598-E24A4C4430B6}.Release|x86.ActiveCfg = Release|Win32
		{B8E3E965-D870-486C-A598-E24A4C4430B6}.Release|x86.Build.0 = Release|Win32
		{BD64DBDB-B23F-42ED-AA57-1E2716514AE0}.Debug|x64.ActiveCfg = Debug|x64
		{BD64DBDB-B23F-42ED-AA57-1E2716514AE0}.Debug|x64.Build.0 = Debug|x64
		{BD64DBDB-B23F-42ED-AA57-1E2716514AE0}.Debug|x86.ActiveCfg = Debug|Win32
		{BD64DBDB-B23F-42ED-AA57-1E2716514AE0}.Debug|x86.Build.0 = Debug|Win32
		{BD64DBDB-B23F-42ED-AA57-1E2716514AE0}.Release|x64.ActiveCfg = Release|x64
		{BD64DBDB-B23F-42ED-AA57-1E2716514AE0}.Release|x64.Build.0 = Release|x64
		{BD64DBDB-B23F-42ED-AA57-1E2716514AE0}.Release|x86.ActiveCfg = Release|Win32
		{BD64DBDB-B23F-42ED-AA57-1E2716514AE0}.Release|x86.Build.0 = Release|Win32
		{3496A029-0210-431E-9F1B-3128ED23B7CA}.Debug|x64.ActiveCfg = Debug|x64
		{3496A029-0210-431E-9F1B-3128ED23B7CA}.Debug|x64.Build.0 = Debug|x64
		{3496A029-0210-431E-9F1B-3128ED23B7CA}.Debug|x86.ActiveCfg = Debug|Win32
		{3496A029-0210-431E-9F1B-3128ED23B7CA}.Debug|x86.Build.0 = Debug|Win32
		{3496A029-0210-431E-9F1B-3128ED23B7CA}.Release|x64.ActiveCfg = Release|x64
		{3496A029-0210-431E-9F1B-3128ED23B7CA}.Release|x64.Build.0 = Release|x64
		{3496A029-0210-431E-9F1B-3128ED23B7CA}.Release|x86.ActiveCfg = Release|Win32
		{3496A029-0210-431E-9F1B-3128ED23B7CA}.Release|x86.Build.0 = Release|Win32
	EndGlobalSection
	GlobalSection(SolutionProperties) = preSolution
		HideSolutionNode = FALSE
	EndGlobalSection
	GlobalSection(NestedProjects) = preSolution
		{1654D0F4-3F7B-4A65-AB23-572A309EDCD5} = {265E1816-3798-4489-8774-C91C10A81AE0}
		{8D95CAF3-29AC-421B-A48E-02932031973C} = {265E1816-3798-4489-8774-C91C10A81AE0}
		{2DB0CCEB-059E-400F-A04F-AE3AE04B98D3} = {DE48D8D9-2E74-4C46-8B85-16780CBD4FB6}
		{1EB4C504-0962-4E4A-8054-F5B7301F7777} = {279F304F-27BE-46B3-8C29-347B28C50DFF}
		{C74E9750-8C0C-4126-B09C-0B5F5C4606E8} = {279F304F-27BE-46B3-8C29-347B28C50DFF}
		{09E89CAC-01BC-461B-BF03-9E044A3C6E8B} = {279F304F-27BE-46B3-8C29-347B28C50DFF}
		{CCCB823D-23AC-4FA5-B9BF-392D6F561F0A} = {279F304F-27BE-46B3-8C29-347B28C50DFF}
		{2A0BA501-3F31-4BD9-A023-F44A98BAB98B} = {279F304F-27BE-46B3-8C29-347B28C50DFF}
		{CAFC2706-C7CB-4A98-86F6-15995CC2A995} = {279F304F-27BE-46B3-8C29-347B28C50DFF}
		{08CAEA8F-5200-4AEE-BDF0-D13E757489AC} = {279F304F-27BE-46B3-8C29-347B28C50DFF}
		{F3295C12-6165-42B0-B08D-97BEAC0749C2} = {279F304F-27BE-46B3-8C29-347B28C50DFF}
		{9EA918B4-CA23-48D3-9D32-AC6FCBA4E255} = {279F304F-27BE-46B3-8C29-347B28C50DFF}
		{0D937C7B-93A1-4354-8FFB-4156EC1478D6} = {B5336CB2-B0A3-4BB5-8C0E-2EB9F50A74D2}
		{A915A2B2-8284-4383-AFAB-976793108BA0} = {B5336CB2-B0A3-4BB5-8C0E-2EB9F50A74D2}
		{62F31C4B-5629-4589-8157-9CF14E915F32} = {B5336CB2-B0A3-4BB5-8C0E-2EB9F50A74D2}
		{402B72B0-289A-4B23-9A6D-07C6DE90ADB4} = {B5336CB2-B0A3-4BB5-8C0E-2EB9F50A74D2}
		{F7710BAD-D12C-42AE-B00E-6F7AAED02867} = {B5336CB2-B0A3-4BB5-8C0E-2EB9F50A74D2}
		{FF3C51DF-2ED2-4F73-819A-F3877C291ABF} = {B5336CB2-B0A3-4BB5-8C0E-2EB9F50A74D2}
		{2579FBEF-655A-41AD-9BA4-41244E1F7B20} = {B5336CB2-B0A3-4BB5-8C0E-2EB9F50A74D2}
		{155AE237-DC1A-4BF3-93CA-E6B2B88981A5} = {B5336CB2-B0A3-4BB5-8C0E-2EB9F50A74D2}
		{B7D18B21-3991-4B39-B7CF-410D0C876848} = {B5336CB2-B0A3-4BB5-8C0E-2EB9F50A74D2}
		{47843C2D-221E-40AD-892C-0A881CB622FC} = {B5336CB2-B0A3-4BB5-8C0E-2EB9F50A74D2}
		{9FAD56D9-A4A6-47A6-865A-3A1430BF74C0} = {B5336CB2-B0A3-4BB5-8C0E-2EB9F50A74D2}
		{00E02FBC-8358-4735-8FD1-52C89985807E} = {B5336CB2-B0A3-4BB5-8C0E-2EB9F50A74D2}
		{20C6DB82-C6DE-4950-B18E-D347EA2A8D1B} = {361B9265-EAEC-4888-9D3B-C9DB20C62724}
		{29872CEA-5D6E-44DD-9E67-85D3922CEB83} = {361B9265-EAEC-4888-9D3B-C9DB20C62724}
		{3782235E-F3B7-4585-BF5D-1E42FB7599E2} = {361B9265-EAEC-4888-9D3B-C9DB20C62724}
		{43B1DB36-6E4D-4A1B-8639-6C635C9C7B3C} = {361B9265-EAEC-4888-9D3B-C9DB20C62724}
		{3C6EAD31-7B24-46A9-A765-D6923E4935CC} = {361B9265-EAEC-4888-9D3B-C9DB20C62724}
		{5AAE53CA-70EC-49AB-88AB-97DC8BFF22CF} = {361B9265-EAEC-4888-9D3B-C9DB20C62724}
		{8EBC395E-DFC8-4459-9A6F-194BF7FE9E0A} = {361B9265-EAEC-4888-9D3B-C9DB20C62724}
		{6A4ADCB1-F93D-4EAE-8354-3BECE1731902} = {361B9265-EAEC-4888-9D3B-C9DB20C62724}
		{00A29D56-6949-4FE9-AD17-FD07022327E6} = {361B9265-EAEC-4888-9D3B-C9DB20C62724}
		{88327E7D-ADC5-45E6-A74F-E67D186CD6AB} = {361B9265-EAEC-4888-9D3B-C9DB20C62724}
		{504AD307-9CF9-4E9F-AD45-FFD0D1FC9321} = {2023905D-6B44-4C1F-86B6-DCBF7B08949C}
		{E3B22025-1067-4F60-A6FE-184BCED34FAA} = {2023905D-6B44-4C1F-86B6-DCBF7B08949C}
		{A4EC75D6-36B5-4EF1-BAB7-3B71F908993F} = {2023905D-6B44-4C1F-86B6-DCBF7B08949C}
		{CCE8E33D-DE08-4A47-B4C9-8676DD766996} = {2023905D-6B44-4C1F-86B6-DCBF7B08949C}
		{84B22BB0-406F-43BE-9CF5-1580C2725490} = {2023905D-6B44-4C1F-86B6-DCBF7B08949C}
		{B8E3E965-D870-486C-A598-E24A4C4430B6} = {2023905D-6B44-4C1F-86B6-DCBF7B08949C}
		{BD64DBDB-B23F-42ED-AA57-1E2716514AE0} = {2023905D-6B44-4C1F-86B6-DCBF7B08949C}
		{3496A029-0210-431E-9F1B-3128ED23B7CA} = {2023905D-6B44-4C1F-86B6-DCBF7B08949C}
	EndGlobalSection
	GlobalSection(ExtensibilityGlobals) = postSolution
		SolutionGuid = {27B67BD9-58B5-4F21-9377-9466DA86F9E7}
	EndGlobalSection
EndGlobal
